
Microsoft Visual Studio Solution File, Format Version 12.00
# Visual Studio 15
VisualStudioVersion = 15.0.28307.329
MinimumVisualStudioVersion = 10.0.40219.1
Project("{FAE04EC0-301F-11D3-BF4B-00C04F79EFBC}") = "NET02.1", "NET02.1\NET02.1.csproj", "{A4323581-1EE7-4060-A2A9-BB94793FEBFC}"
EndProject
Project("{FAE04EC0-301F-11D3-BF4B-00C04F79EFBC}") = "NET2.1.Test", "NET2.1.Test\NET2.1.Test.csproj", "{EA47A409-77F8-4982-8061-952F67BFD9BD}"
EndProject
Global
	GlobalSection(SolutionConfigurationPlatforms) = preSolution
		Debug|Any CPU = Debug|Any CPU
		Release|Any CPU = Release|Any CPU
	EndGlobalSection
	GlobalSection(ProjectConfigurationPlatforms) = postSolution
		{A4323581-1EE7-4060-A2A9-BB94793FEBFC}.Debug|Any CPU.ActiveCfg = Debug|Any CPU
		{A4323581-1EE7-4060-A2A9-BB94793FEBFC}.Debug|Any CPU.Build.0 = Debug|Any CPU
		{A4323581-1EE7-4060-A2A9-BB94793FEBFC}.Release|Any CPU.ActiveCfg = Release|Any CPU
		{A4323581-1EE7-4060-A2A9-BB94793FEBFC}.Release|Any CPU.Build.0 = Release|Any CPU
		{EA47A409-77F8-4982-8061-952F67BFD9BD}.Debug|Any CPU.ActiveCfg = Debug|Any CPU
		{EA47A409-77F8-4982-8061-952F67BFD9BD}.Debug|Any CPU.Build.0 = Debug|Any CPU
		{EA47A409-77F8-4982-8061-952F67BFD9BD}.Release|Any CPU.ActiveCfg = Release|Any CPU
		{EA47A409-77F8-4982-8061-952F67BFD9BD}.Release|Any CPU.Build.0 = Release|Any CPU
	EndGlobalSection
	GlobalSection(SolutionProperties) = preSolution
		HideSolutionNode = FALSE
	EndGlobalSection
	GlobalSection(ExtensibilityGlobals) = postSolution
		SolutionGuid = {C8F4D3B8-39B8-4A6A-B402-8029035EAA89}
	EndGlobalSection
EndGlobal
