
Microsoft Visual Studio Solution File, Format Version 12.00
# Visual Studio 15
VisualStudioVersion = 15.0.28307.329
MinimumVisualStudioVersion = 10.0.40219.1
Project("{FAE04EC0-301F-11D3-BF4B-00C04F79EFBC}") = "NET02.2", "NET02.2\NET02.2.csproj", "{C754DAD9-0D69-49EC-8F83-E29C7EFEC14C}"
EndProject
Global
	GlobalSection(SolutionConfigurationPlatforms) = preSolution
		Debug|Any CPU = Debug|Any CPU
		Release|Any CPU = Release|Any CPU
	EndGlobalSection
	GlobalSection(ProjectConfigurationPlatforms) = postSolution
		{C754DAD9-0D69-49EC-8F83-E29C7EFEC14C}.Debug|Any CPU.ActiveCfg = Debug|Any CPU
		{C754DAD9-0D69-49EC-8F83-E29C7EFEC14C}.Debug|Any CPU.Build.0 = Debug|Any CPU
		{C754DAD9-0D69-49EC-8F83-E29C7EFEC14C}.Release|Any CPU.ActiveCfg = Release|Any CPU
		{C754DAD9-0D69-49EC-8F83-E29C7EFEC14C}.Release|Any CPU.Build.0 = Release|Any CPU
	EndGlobalSection
	GlobalSection(SolutionProperties) = preSolution
		HideSolutionNode = FALSE
	EndGlobalSection
	GlobalSection(ExtensibilityGlobals) = postSolution
		SolutionGuid = {321F36F0-8F32-403A-B57F-4402863B7A3A}
	EndGlobalSection
EndGlobal
